
Microsoft Visual Studio Solution File, Format Version 12.00
# Visual Studio Version 17
VisualStudioVersion = 17.7.34202.233
MinimumVisualStudioVersion = 10.0.40219.1
Project("{FAE04EC0-301F-11D3-BF4B-00C04F79EFBC}") = "MMCGallerySupportSponsor", "MMCGallerySupportSponsor\MMCGallerySupportSponsor.csproj", "{67805C90-93FC-4E6F-8645-35029EF6948B}"
EndProject
Project("{FAE04EC0-301F-11D3-BF4B-00C04F79EFBC}") = "Application", "Application\Application.csproj", "{093E9541-6618-4C8F-93AF-E1B5452408C1}"
EndProject
Project("{FAE04EC0-301F-11D3-BF4B-00C04F79EFBC}") = "Infrastrecture", "Infrastrecture\Infrastrecture.csproj", "{CABB8EB9-367D-4F40-B785-D333EDDBEB7B}"
EndProject
Project("{FAE04EC0-301F-11D3-BF4B-00C04F79EFBC}") = "Domain", "Domain\Domain.csproj", "{941BB94D-BE29-4210-B18A-34FB6E35C286}"
EndProject
Global
	GlobalSection(SolutionConfigurationPlatforms) = preSolution
		Debug|Any CPU = Debug|Any CPU
		Release|Any CPU = Release|Any CPU
	EndGlobalSection
	GlobalSection(ProjectConfigurationPlatforms) = postSolution
		{67805C90-93FC-4E6F-8645-35029EF6948B}.Debug|Any CPU.ActiveCfg = Debug|Any CPU
		{67805C90-93FC-4E6F-8645-35029EF6948B}.Debug|Any CPU.Build.0 = Debug|Any CPU
		{67805C90-93FC-4E6F-8645-35029EF6948B}.Release|Any CPU.ActiveCfg = Release|Any CPU
		{67805C90-93FC-4E6F-8645-35029EF6948B}.Release|Any CPU.Build.0 = Release|Any CPU
		{093E9541-6618-4C8F-93AF-E1B5452408C1}.Debug|Any CPU.ActiveCfg = Debug|Any CPU
		{093E9541-6618-4C8F-93AF-E1B5452408C1}.Debug|Any CPU.Build.0 = Debug|Any CPU
		{093E9541-6618-4C8F-93AF-E1B5452408C1}.Release|Any CPU.ActiveCfg = Release|Any CPU
		{093E9541-6618-4C8F-93AF-E1B5452408C1}.Release|Any CPU.Build.0 = Release|Any CPU
		{CABB8EB9-367D-4F40-B785-D333EDDBEB7B}.Debug|Any CPU.ActiveCfg = Debug|Any CPU
		{CABB8EB9-367D-4F40-B785-D333EDDBEB7B}.Debug|Any CPU.Build.0 = Debug|Any CPU
		{CABB8EB9-367D-4F40-B785-D333EDDBEB7B}.Release|Any CPU.ActiveCfg = Release|Any CPU
		{CABB8EB9-367D-4F40-B785-D333EDDBEB7B}.Release|Any CPU.Build.0 = Release|Any CPU
		{941BB94D-BE29-4210-B18A-34FB6E35C286}.Debug|Any CPU.ActiveCfg = Debug|Any CPU
		{941BB94D-BE29-4210-B18A-34FB6E35C286}.Debug|Any CPU.Build.0 = Debug|Any CPU
		{941BB94D-BE29-4210-B18A-34FB6E35C286}.Release|Any CPU.ActiveCfg = Release|Any CPU
		{941BB94D-BE29-4210-B18A-34FB6E35C286}.Release|Any CPU.Build.0 = Release|Any CPU
	EndGlobalSection
	GlobalSection(SolutionProperties) = preSolution
		HideSolutionNode = FALSE
	EndGlobalSection
	GlobalSection(ExtensibilityGlobals) = postSolution
		SolutionGuid = {53E78AC8-404C-4679-95F2-89860429B8F0}
	EndGlobalSection
EndGlobal
